
Microsoft Visual Studio Solution File, Format Version 12.00
# Visual Studio Version 17
VisualStudioVersion = 17.10.35004.147
MinimumVisualStudioVersion = 10.0.40219.1
Project("{FAE04EC0-301F-11D3-BF4B-00C04F79EFBC}") = "Helpers", "Helpers\Helpers.csproj", "{343047CF-B4F1-42DC-A1DB-B3E9DECE7E28}"
EndProject
Global
	GlobalSection(SolutionConfigurationPlatforms) = preSolution
		Debug|Any CPU = Debug|Any CPU
		Release|Any CPU = Release|Any CPU
	EndGlobalSection
	GlobalSection(ProjectConfigurationPlatforms) = postSolution
		{343047CF-B4F1-42DC-A1DB-B3E9DECE7E28}.Debug|Any CPU.ActiveCfg = Debug|Any CPU
		{343047CF-B4F1-42DC-A1DB-B3E9DECE7E28}.Debug|Any CPU.Build.0 = Debug|Any CPU
		{343047CF-B4F1-42DC-A1DB-B3E9DECE7E28}.Release|Any CPU.ActiveCfg = Release|Any CPU
		{343047CF-B4F1-42DC-A1DB-B3E9DECE7E28}.Release|Any CPU.Build.0 = Release|Any CPU
	EndGlobalSection
	GlobalSection(SolutionProperties) = preSolution
		HideSolutionNode = FALSE
	EndGlobalSection
	GlobalSection(ExtensibilityGlobals) = postSolution
		SolutionGuid = {EDC38E14-1AB4-4129-83ED-C4BB7D415353}
	EndGlobalSection
EndGlobal
